// !$*UTF8*$!
{
	archiveVersion = 1;
	classes = {
	};
	objectVersion = 50;
	objects = {

/* Begin PBXBuildFile section */
		3DC4A0B7210DA626009B5A9E /* QiscusUI.framework in Frameworks */ = {isa = PBXBuildFile; fileRef = 3DC4A0AD210DA626009B5A9E /* QiscusUI.framework */; };
		3DC4A0BC210DA626009B5A9E /* QiscusUITests.swift in Sources */ = {isa = PBXBuildFile; fileRef = 3DC4A0BB210DA626009B5A9E /* QiscusUITests.swift */; };
		3DC4A0BE210DA626009B5A9E /* QiscusUI.h in Headers */ = {isa = PBXBuildFile; fileRef = 3DC4A0B0210DA626009B5A9E /* QiscusUI.h */; settings = {ATTRIBUTES = (Public, ); }; };
		3DC4A0CE210DA91A009B5A9E /* AppDelegate.swift in Sources */ = {isa = PBXBuildFile; fileRef = 3DC4A0CD210DA91A009B5A9E /* AppDelegate.swift */; };
		3DC4A0D0210DA91A009B5A9E /* ViewController.swift in Sources */ = {isa = PBXBuildFile; fileRef = 3DC4A0CF210DA91A009B5A9E /* ViewController.swift */; };
		3DC4A0D3210DA91A009B5A9E /* Main.storyboard in Resources */ = {isa = PBXBuildFile; fileRef = 3DC4A0D1210DA91A009B5A9E /* Main.storyboard */; };
		3DC4A0D5210DA920009B5A9E /* Assets.xcassets in Resources */ = {isa = PBXBuildFile; fileRef = 3DC4A0D4210DA920009B5A9E /* Assets.xcassets */; };
		3DC4A0D8210DA920009B5A9E /* LaunchScreen.storyboard in Resources */ = {isa = PBXBuildFile; fileRef = 3DC4A0D6210DA920009B5A9E /* LaunchScreen.storyboard */; };
		3DC4A104210DACF6009B5A9E /* Info.plist in Resources */ = {isa = PBXBuildFile; fileRef = 3DC4A0DD210DACF5009B5A9E /* Info.plist */; };
		3DC4A105210DACF6009B5A9E /* CommentModel.swift in Sources */ = {isa = PBXBuildFile; fileRef = 3DC4A0DF210DACF5009B5A9E /* CommentModel.swift */; };
		3DC4A106210DACF6009B5A9E /* BaseChatCell.swift in Sources */ = {isa = PBXBuildFile; fileRef = 3DC4A0E0210DACF5009B5A9E /* BaseChatCell.swift */; };
		3DC4A107210DACF6009B5A9E /* QiscusUI.h in Headers */ = {isa = PBXBuildFile; fileRef = 3DC4A0E1210DACF5009B5A9E /* QiscusUI.h */; };
		3DC4A108210DACF6009B5A9E /* QCacheManager.swift in Sources */ = {isa = PBXBuildFile; fileRef = 3DC4A0E2210DACF5009B5A9E /* QCacheManager.swift */; };
		3DC4A109210DACF6009B5A9E /* UIView.swift in Sources */ = {isa = PBXBuildFile; fileRef = 3DC4A0E4210DACF6009B5A9E /* UIView.swift */; };
		3DC4A10A210DACF6009B5A9E /* ViewController.swift in Sources */ = {isa = PBXBuildFile; fileRef = 3DC4A0E5210DACF6009B5A9E /* ViewController.swift */; };
		3DC4A10B210DACF6009B5A9E /* UIImage.swift in Sources */ = {isa = PBXBuildFile; fileRef = 3DC4A0E6210DACF6009B5A9E /* UIImage.swift */; };
		3DC4A10C210DACF6009B5A9E /* QiscusUIAsyncImage.swift in Sources */ = {isa = PBXBuildFile; fileRef = 3DC4A0E7210DACF6009B5A9E /* QiscusUIAsyncImage.swift */; };
		3DC4A10D210DACF6009B5A9E /* String+Localization.swift in Sources */ = {isa = PBXBuildFile; fileRef = 3DC4A0E8210DACF6009B5A9E /* String+Localization.swift */; };
		3DC4A10E210DACF6009B5A9E /* QiscusHelper.swift in Sources */ = {isa = PBXBuildFile; fileRef = 3DC4A0E9210DACF6009B5A9E /* QiscusHelper.swift */; };
		3DC4A10F210DACF6009B5A9E /* LeftTextCell.swift in Sources */ = {isa = PBXBuildFile; fileRef = 3DC4A0ED210DACF6009B5A9E /* LeftTextCell.swift */; };
		3DC4A110210DACF6009B5A9E /* QSystemCell.xib in Resources */ = {isa = PBXBuildFile; fileRef = 3DC4A0EE210DACF6009B5A9E /* QSystemCell.xib */; };
		3DC4A111210DACF6009B5A9E /* QAudioCell.swift in Sources */ = {isa = PBXBuildFile; fileRef = 3DC4A0EF210DACF6009B5A9E /* QAudioCell.swift */; };
		3DC4A112210DACF6009B5A9E /* QImageCell.swift in Sources */ = {isa = PBXBuildFile; fileRef = 3DC4A0F0210DACF6009B5A9E /* QImageCell.swift */; };
		3DC4A113210DACF6009B5A9E /* QReplyCell.swift in Sources */ = {isa = PBXBuildFile; fileRef = 3DC4A0F1210DACF6009B5A9E /* QReplyCell.swift */; };
		3DC4A114210DACF6009B5A9E /* QContactCell.xib in Resources */ = {isa = PBXBuildFile; fileRef = 3DC4A0F2210DACF6009B5A9E /* QContactCell.xib */; };
		3DC4A115210DACF6009B5A9E /* QReplyCell.xib in Resources */ = {isa = PBXBuildFile; fileRef = 3DC4A0F3210DACF6009B5A9E /* QReplyCell.xib */; };
		3DC4A116210DACF6009B5A9E /* LeftTextCell.xib in Resources */ = {isa = PBXBuildFile; fileRef = 3DC4A0F4210DACF6009B5A9E /* LeftTextCell.xib */; };
		3DC4A117210DACF6009B5A9E /* QImageCell.xib in Resources */ = {isa = PBXBuildFile; fileRef = 3DC4A0F5210DACF6009B5A9E /* QImageCell.xib */; };
		3DC4A118210DACF6009B5A9E /* QAudioCell.xib in Resources */ = {isa = PBXBuildFile; fileRef = 3DC4A0F6210DACF6009B5A9E /* QAudioCell.xib */; };
		3DC4A119210DACF6009B5A9E /* QSystemCell.swift in Sources */ = {isa = PBXBuildFile; fileRef = 3DC4A0F7210DACF6009B5A9E /* QSystemCell.swift */; };
		3DC4A11A210DACF6009B5A9E /* QDocumentCell.xib in Resources */ = {isa = PBXBuildFile; fileRef = 3DC4A0F8210DACF6009B5A9E /* QDocumentCell.xib */; };
		3DC4A11B210DACF6009B5A9E /* RightTextCell.swift in Sources */ = {isa = PBXBuildFile; fileRef = 3DC4A0F9210DACF6009B5A9E /* RightTextCell.swift */; };
		3DC4A11C210DACF6009B5A9E /* RightTextCell.xib in Resources */ = {isa = PBXBuildFile; fileRef = 3DC4A0FA210DACF6009B5A9E /* RightTextCell.xib */; };
		3DC4A11D210DACF6009B5A9E /* QContactCell.swift in Sources */ = {isa = PBXBuildFile; fileRef = 3DC4A0FB210DACF6009B5A9E /* QContactCell.swift */; };
		3DC4A11E210DACF6009B5A9E /* QLocationCell.swift in Sources */ = {isa = PBXBuildFile; fileRef = 3DC4A0FC210DACF6009B5A9E /* QLocationCell.swift */; };
		3DC4A11F210DACF6009B5A9E /* QDocumentCell.swift in Sources */ = {isa = PBXBuildFile; fileRef = 3DC4A0FD210DACF6009B5A9E /* QDocumentCell.swift */; };
		3DC4A120210DACF6009B5A9E /* QLocationCell.xib in Resources */ = {isa = PBXBuildFile; fileRef = 3DC4A0FE210DACF6009B5A9E /* QLocationCell.xib */; };
		3DC4A121210DACF6009B5A9E /* QChatPresenter.swift in Sources */ = {isa = PBXBuildFile; fileRef = 3DC4A0FF210DACF6009B5A9E /* QChatPresenter.swift */; };
		3DC4A122210DACF6009B5A9E /* QChatVC.swift in Sources */ = {isa = PBXBuildFile; fileRef = 3DC4A100210DACF6009B5A9E /* QChatVC.swift */; };
		3DC4A123210DACF7009B5A9E /* QChatVC.xib in Resources */ = {isa = PBXBuildFile; fileRef = 3DC4A101210DACF6009B5A9E /* QChatVC.xib */; };
		3DC4A124210DACF7009B5A9E /* QiscusUI.swift in Sources */ = {isa = PBXBuildFile; fileRef = 3DC4A102210DACF6009B5A9E /* QiscusUI.swift */; };
		3DC4A125210DACF7009B5A9E /* Media.xcassets in Resources */ = {isa = PBXBuildFile; fileRef = 3DC4A103210DACF6009B5A9E /* Media.xcassets */; };
/* End PBXBuildFile section */

/* Begin PBXContainerItemProxy section */
		3DC4A0B8210DA626009B5A9E /* PBXContainerItemProxy */ = {
			isa = PBXContainerItemProxy;
			containerPortal = 3DC4A0A4210DA626009B5A9E /* Project object */;
			proxyType = 1;
			remoteGlobalIDString = 3DC4A0AC210DA626009B5A9E;
			remoteInfo = QiscusUI;
		};
/* End PBXContainerItemProxy section */

/* Begin PBXFileReference section */
		3DC4A0AD210DA626009B5A9E /* QiscusUI.framework */ = {isa = PBXFileReference; explicitFileType = wrapper.framework; includeInIndex = 0; path = QiscusUI.framework; sourceTree = BUILT_PRODUCTS_DIR; };
		3DC4A0B0210DA626009B5A9E /* QiscusUI.h */ = {isa = PBXFileReference; lastKnownFileType = sourcecode.c.h; path = QiscusUI.h; sourceTree = "<group>"; };
		3DC4A0B1210DA626009B5A9E /* Info.plist */ = {isa = PBXFileReference; lastKnownFileType = text.plist.xml; path = Info.plist; sourceTree = "<group>"; };
		3DC4A0B6210DA626009B5A9E /* QiscusUITests.xctest */ = {isa = PBXFileReference; explicitFileType = wrapper.cfbundle; includeInIndex = 0; path = QiscusUITests.xctest; sourceTree = BUILT_PRODUCTS_DIR; };
		3DC4A0BB210DA626009B5A9E /* QiscusUITests.swift */ = {isa = PBXFileReference; lastKnownFileType = sourcecode.swift; path = QiscusUITests.swift; sourceTree = "<group>"; };
		3DC4A0BD210DA626009B5A9E /* Info.plist */ = {isa = PBXFileReference; lastKnownFileType = text.plist.xml; path = Info.plist; sourceTree = "<group>"; };
		3DC4A0CB210DA91A009B5A9E /* example.app */ = {isa = PBXFileReference; explicitFileType = wrapper.application; includeInIndex = 0; path = example.app; sourceTree = BUILT_PRODUCTS_DIR; };
		3DC4A0CD210DA91A009B5A9E /* AppDelegate.swift */ = {isa = PBXFileReference; lastKnownFileType = sourcecode.swift; path = AppDelegate.swift; sourceTree = "<group>"; };
		3DC4A0CF210DA91A009B5A9E /* ViewController.swift */ = {isa = PBXFileReference; lastKnownFileType = sourcecode.swift; path = ViewController.swift; sourceTree = "<group>"; };
		3DC4A0D2210DA91A009B5A9E /* Base */ = {isa = PBXFileReference; lastKnownFileType = file.storyboard; name = Base; path = Base.lproj/Main.storyboard; sourceTree = "<group>"; };
		3DC4A0D4210DA920009B5A9E /* Assets.xcassets */ = {isa = PBXFileReference; lastKnownFileType = folder.assetcatalog; path = Assets.xcassets; sourceTree = "<group>"; };
		3DC4A0D7210DA920009B5A9E /* Base */ = {isa = PBXFileReference; lastKnownFileType = file.storyboard; name = Base; path = Base.lproj/LaunchScreen.storyboard; sourceTree = "<group>"; };
		3DC4A0D9210DA920009B5A9E /* Info.plist */ = {isa = PBXFileReference; lastKnownFileType = text.plist.xml; path = Info.plist; sourceTree = "<group>"; };
		3DC4A0DD210DACF5009B5A9E /* Info.plist */ = {isa = PBXFileReference; fileEncoding = 4; lastKnownFileType = text.plist.xml; path = Info.plist; sourceTree = "<group>"; };
		3DC4A0DF210DACF5009B5A9E /* CommentModel.swift */ = {isa = PBXFileReference; fileEncoding = 4; lastKnownFileType = sourcecode.swift; path = CommentModel.swift; sourceTree = "<group>"; };
		3DC4A0E0210DACF5009B5A9E /* BaseChatCell.swift */ = {isa = PBXFileReference; fileEncoding = 4; lastKnownFileType = sourcecode.swift; path = BaseChatCell.swift; sourceTree = "<group>"; };
		3DC4A0E1210DACF5009B5A9E /* QiscusUI.h */ = {isa = PBXFileReference; fileEncoding = 4; lastKnownFileType = sourcecode.c.h; path = QiscusUI.h; sourceTree = "<group>"; };
		3DC4A0E2210DACF5009B5A9E /* QCacheManager.swift */ = {isa = PBXFileReference; fileEncoding = 4; lastKnownFileType = sourcecode.swift; path = QCacheManager.swift; sourceTree = "<group>"; };
		3DC4A0E4210DACF6009B5A9E /* UIView.swift */ = {isa = PBXFileReference; fileEncoding = 4; lastKnownFileType = sourcecode.swift; path = UIView.swift; sourceTree = "<group>"; };
		3DC4A0E5210DACF6009B5A9E /* ViewController.swift */ = {isa = PBXFileReference; fileEncoding = 4; lastKnownFileType = sourcecode.swift; path = ViewController.swift; sourceTree = "<group>"; };
		3DC4A0E6210DACF6009B5A9E /* UIImage.swift */ = {isa = PBXFileReference; fileEncoding = 4; lastKnownFileType = sourcecode.swift; path = UIImage.swift; sourceTree = "<group>"; };
		3DC4A0E7210DACF6009B5A9E /* QiscusUIAsyncImage.swift */ = {isa = PBXFileReference; fileEncoding = 4; lastKnownFileType = sourcecode.swift; path = QiscusUIAsyncImage.swift; sourceTree = "<group>"; };
		3DC4A0E8210DACF6009B5A9E /* String+Localization.swift */ = {isa = PBXFileReference; fileEncoding = 4; lastKnownFileType = sourcecode.swift; path = "String+Localization.swift"; sourceTree = "<group>"; };
		3DC4A0E9210DACF6009B5A9E /* QiscusHelper.swift */ = {isa = PBXFileReference; fileEncoding = 4; lastKnownFileType = sourcecode.swift; path = QiscusHelper.swift; sourceTree = "<group>"; };
		3DC4A0ED210DACF6009B5A9E /* LeftTextCell.swift */ = {isa = PBXFileReference; fileEncoding = 4; lastKnownFileType = sourcecode.swift; path = LeftTextCell.swift; sourceTree = "<group>"; };
		3DC4A0EE210DACF6009B5A9E /* QSystemCell.xib */ = {isa = PBXFileReference; fileEncoding = 4; lastKnownFileType = file.xib; path = QSystemCell.xib; sourceTree = "<group>"; };
		3DC4A0EF210DACF6009B5A9E /* QAudioCell.swift */ = {isa = PBXFileReference; fileEncoding = 4; lastKnownFileType = sourcecode.swift; path = QAudioCell.swift; sourceTree = "<group>"; };
		3DC4A0F0210DACF6009B5A9E /* QImageCell.swift */ = {isa = PBXFileReference; fileEncoding = 4; lastKnownFileType = sourcecode.swift; path = QImageCell.swift; sourceTree = "<group>"; };
		3DC4A0F1210DACF6009B5A9E /* QReplyCell.swift */ = {isa = PBXFileReference; fileEncoding = 4; lastKnownFileType = sourcecode.swift; path = QReplyCell.swift; sourceTree = "<group>"; };
		3DC4A0F2210DACF6009B5A9E /* QContactCell.xib */ = {isa = PBXFileReference; fileEncoding = 4; lastKnownFileType = file.xib; path = QContactCell.xib; sourceTree = "<group>"; };
		3DC4A0F3210DACF6009B5A9E /* QReplyCell.xib */ = {isa = PBXFileReference; fileEncoding = 4; lastKnownFileType = file.xib; path = QReplyCell.xib; sourceTree = "<group>"; };
		3DC4A0F4210DACF6009B5A9E /* LeftTextCell.xib */ = {isa = PBXFileReference; fileEncoding = 4; lastKnownFileType = file.xib; path = LeftTextCell.xib; sourceTree = "<group>"; };
		3DC4A0F5210DACF6009B5A9E /* QImageCell.xib */ = {isa = PBXFileReference; fileEncoding = 4; lastKnownFileType = file.xib; path = QImageCell.xib; sourceTree = "<group>"; };
		3DC4A0F6210DACF6009B5A9E /* QAudioCell.xib */ = {isa = PBXFileReference; fileEncoding = 4; lastKnownFileType = file.xib; path = QAudioCell.xib; sourceTree = "<group>"; };
		3DC4A0F7210DACF6009B5A9E /* QSystemCell.swift */ = {isa = PBXFileReference; fileEncoding = 4; lastKnownFileType = sourcecode.swift; path = QSystemCell.swift; sourceTree = "<group>"; };
		3DC4A0F8210DACF6009B5A9E /* QDocumentCell.xib */ = {isa = PBXFileReference; fileEncoding = 4; lastKnownFileType = file.xib; path = QDocumentCell.xib; sourceTree = "<group>"; };
		3DC4A0F9210DACF6009B5A9E /* RightTextCell.swift */ = {isa = PBXFileReference; fileEncoding = 4; lastKnownFileType = sourcecode.swift; path = RightTextCell.swift; sourceTree = "<group>"; };
		3DC4A0FA210DACF6009B5A9E /* RightTextCell.xib */ = {isa = PBXFileReference; fileEncoding = 4; lastKnownFileType = file.xib; path = RightTextCell.xib; sourceTree = "<group>"; };
		3DC4A0FB210DACF6009B5A9E /* QContactCell.swift */ = {isa = PBXFileReference; fileEncoding = 4; lastKnownFileType = sourcecode.swift; path = QContactCell.swift; sourceTree = "<group>"; };
		3DC4A0FC210DACF6009B5A9E /* QLocationCell.swift */ = {isa = PBXFileReference; fileEncoding = 4; lastKnownFileType = sourcecode.swift; path = QLocationCell.swift; sourceTree = "<group>"; };
		3DC4A0FD210DACF6009B5A9E /* QDocumentCell.swift */ = {isa = PBXFileReference; fileEncoding = 4; lastKnownFileType = sourcecode.swift; path = QDocumentCell.swift; sourceTree = "<group>"; };
		3DC4A0FE210DACF6009B5A9E /* QLocationCell.xib */ = {isa = PBXFileReference; fileEncoding = 4; lastKnownFileType = file.xib; path = QLocationCell.xib; sourceTree = "<group>"; };
		3DC4A0FF210DACF6009B5A9E /* QChatPresenter.swift */ = {isa = PBXFileReference; fileEncoding = 4; lastKnownFileType = sourcecode.swift; path = QChatPresenter.swift; sourceTree = "<group>"; };
		3DC4A100210DACF6009B5A9E /* QChatVC.swift */ = {isa = PBXFileReference; fileEncoding = 4; lastKnownFileType = sourcecode.swift; path = QChatVC.swift; sourceTree = "<group>"; };
		3DC4A101210DACF6009B5A9E /* QChatVC.xib */ = {isa = PBXFileReference; fileEncoding = 4; lastKnownFileType = file.xib; path = QChatVC.xib; sourceTree = "<group>"; };
		3DC4A102210DACF6009B5A9E /* QiscusUI.swift */ = {isa = PBXFileReference; fileEncoding = 4; lastKnownFileType = sourcecode.swift; path = QiscusUI.swift; sourceTree = "<group>"; };
		3DC4A103210DACF6009B5A9E /* Media.xcassets */ = {isa = PBXFileReference; lastKnownFileType = folder.assetcatalog; path = Media.xcassets; sourceTree = "<group>"; };
/* End PBXFileReference section */

/* Begin PBXFrameworksBuildPhase section */
		3DC4A0A9210DA626009B5A9E /* Frameworks */ = {
			isa = PBXFrameworksBuildPhase;
			buildActionMask = 2147483647;
			files = (
			);
			runOnlyForDeploymentPostprocessing = 0;
		};
		3DC4A0B3210DA626009B5A9E /* Frameworks */ = {
			isa = PBXFrameworksBuildPhase;
			buildActionMask = 2147483647;
			files = (
				3DC4A0B7210DA626009B5A9E /* QiscusUI.framework in Frameworks */,
			);
			runOnlyForDeploymentPostprocessing = 0;
		};
		3DC4A0C8210DA91A009B5A9E /* Frameworks */ = {
			isa = PBXFrameworksBuildPhase;
			buildActionMask = 2147483647;
			files = (
			);
			runOnlyForDeploymentPostprocessing = 0;
		};
/* End PBXFrameworksBuildPhase section */

/* Begin PBXGroup section */
		3DC4A0A3210DA626009B5A9E = {
			isa = PBXGroup;
			children = (
				3DC4A0AF210DA626009B5A9E /* QiscusUI */,
				3DC4A0BA210DA626009B5A9E /* QiscusUITests */,
				3DC4A0CC210DA91A009B5A9E /* example */,
				3DC4A0AE210DA626009B5A9E /* Products */,
			);
			sourceTree = "<group>";
		};
		3DC4A0AE210DA626009B5A9E /* Products */ = {
			isa = PBXGroup;
			children = (
				3DC4A0AD210DA626009B5A9E /* QiscusUI.framework */,
				3DC4A0B6210DA626009B5A9E /* QiscusUITests.xctest */,
				3DC4A0CB210DA91A009B5A9E /* example.app */,
			);
			name = Products;
			sourceTree = "<group>";
		};
		3DC4A0AF210DA626009B5A9E /* QiscusUI */ = {
			isa = PBXGroup;
			children = (
				3DC4A0E0210DACF5009B5A9E /* BaseChatCell.swift */,
				3DC4A0E3210DACF6009B5A9E /* Extension */,
				3DC4A0DD210DACF5009B5A9E /* Info.plist */,
				3DC4A103210DACF6009B5A9E /* Media.xcassets */,
				3DC4A0DE210DACF5009B5A9E /* Model */,
				3DC4A0E2210DACF5009B5A9E /* QCacheManager.swift */,
				3DC4A0E9210DACF6009B5A9E /* QiscusHelper.swift */,
				3DC4A0E1210DACF5009B5A9E /* QiscusUI.h */,
				3DC4A102210DACF6009B5A9E /* QiscusUI.swift */,
				3DC4A0EA210DACF6009B5A9E /* View */,
				3DC4A0B0210DA626009B5A9E /* QiscusUI.h */,
				3DC4A0B1210DA626009B5A9E /* Info.plist */,
			);
			path = QiscusUI;
			sourceTree = "<group>";
		};
		3DC4A0BA210DA626009B5A9E /* QiscusUITests */ = {
			isa = PBXGroup;
			children = (
				3DC4A0BB210DA626009B5A9E /* QiscusUITests.swift */,
				3DC4A0BD210DA626009B5A9E /* Info.plist */,
			);
			path = QiscusUITests;
			sourceTree = "<group>";
		};
		3DC4A0CC210DA91A009B5A9E /* example */ = {
			isa = PBXGroup;
			children = (
				3DC4A0CD210DA91A009B5A9E /* AppDelegate.swift */,
				3DC4A0CF210DA91A009B5A9E /* ViewController.swift */,
				3DC4A0D1210DA91A009B5A9E /* Main.storyboard */,
				3DC4A0D4210DA920009B5A9E /* Assets.xcassets */,
				3DC4A0D6210DA920009B5A9E /* LaunchScreen.storyboard */,
				3DC4A0D9210DA920009B5A9E /* Info.plist */,
			);
			path = example;
			sourceTree = "<group>";
		};
		3DC4A0DE210DACF5009B5A9E /* Model */ = {
			isa = PBXGroup;
			children = (
				3DC4A0DF210DACF5009B5A9E /* CommentModel.swift */,
			);
			path = Model;
			sourceTree = "<group>";
		};
		3DC4A0E3210DACF6009B5A9E /* Extension */ = {
			isa = PBXGroup;
			children = (
				3DC4A0E4210DACF6009B5A9E /* UIView.swift */,
				3DC4A0E5210DACF6009B5A9E /* ViewController.swift */,
				3DC4A0E6210DACF6009B5A9E /* UIImage.swift */,
				3DC4A0E7210DACF6009B5A9E /* QiscusUIAsyncImage.swift */,
				3DC4A0E8210DACF6009B5A9E /* String+Localization.swift */,
			);
			path = Extension;
			sourceTree = "<group>";
		};
		3DC4A0EA210DACF6009B5A9E /* View */ = {
			isa = PBXGroup;
			children = (
				3DC4A0EB210DACF6009B5A9E /* ChatScene */,
			);
			path = View;
			sourceTree = "<group>";
		};
		3DC4A0EB210DACF6009B5A9E /* ChatScene */ = {
			isa = PBXGroup;
			children = (
				3DC4A0EC210DACF6009B5A9E /* ChatCell */,
				3DC4A0FF210DACF6009B5A9E /* QChatPresenter.swift */,
				3DC4A100210DACF6009B5A9E /* QChatVC.swift */,
				3DC4A101210DACF6009B5A9E /* QChatVC.xib */,
			);
			path = ChatScene;
			sourceTree = "<group>";
		};
		3DC4A0EC210DACF6009B5A9E /* ChatCell */ = {
			isa = PBXGroup;
			children = (
				3DC4A0ED210DACF6009B5A9E /* LeftTextCell.swift */,
				3DC4A0EE210DACF6009B5A9E /* QSystemCell.xib */,
				3DC4A0EF210DACF6009B5A9E /* QAudioCell.swift */,
				3DC4A0F0210DACF6009B5A9E /* QImageCell.swift */,
				3DC4A0F1210DACF6009B5A9E /* QReplyCell.swift */,
				3DC4A0F2210DACF6009B5A9E /* QContactCell.xib */,
				3DC4A0F3210DACF6009B5A9E /* QReplyCell.xib */,
				3DC4A0F4210DACF6009B5A9E /* LeftTextCell.xib */,
				3DC4A0F5210DACF6009B5A9E /* QImageCell.xib */,
				3DC4A0F6210DACF6009B5A9E /* QAudioCell.xib */,
				3DC4A0F7210DACF6009B5A9E /* QSystemCell.swift */,
				3DC4A0F8210DACF6009B5A9E /* QDocumentCell.xib */,
				3DC4A0F9210DACF6009B5A9E /* RightTextCell.swift */,
				3DC4A0FA210DACF6009B5A9E /* RightTextCell.xib */,
				3DC4A0FB210DACF6009B5A9E /* QContactCell.swift */,
				3DC4A0FC210DACF6009B5A9E /* QLocationCell.swift */,
				3DC4A0FD210DACF6009B5A9E /* QDocumentCell.swift */,
				3DC4A0FE210DACF6009B5A9E /* QLocationCell.xib */,
			);
			path = ChatCell;
			sourceTree = "<group>";
		};
/* End PBXGroup section */

/* Begin PBXHeadersBuildPhase section */
		3DC4A0AA210DA626009B5A9E /* Headers */ = {
			isa = PBXHeadersBuildPhase;
			buildActionMask = 2147483647;
			files = (
				3DC4A107210DACF6009B5A9E /* QiscusUI.h in Headers */,
				3DC4A0BE210DA626009B5A9E /* QiscusUI.h in Headers */,
			);
			runOnlyForDeploymentPostprocessing = 0;
		};
/* End PBXHeadersBuildPhase section */

/* Begin PBXNativeTarget section */
		3DC4A0AC210DA626009B5A9E /* QiscusUI */ = {
			isa = PBXNativeTarget;
			buildConfigurationList = 3DC4A0C1210DA626009B5A9E /* Build configuration list for PBXNativeTarget "QiscusUI" */;
			buildPhases = (
				3DC4A0A8210DA626009B5A9E /* Sources */,
				3DC4A0A9210DA626009B5A9E /* Frameworks */,
				3DC4A0AA210DA626009B5A9E /* Headers */,
				3DC4A0AB210DA626009B5A9E /* Resources */,
			);
			buildRules = (
			);
			dependencies = (
			);
			name = QiscusUI;
			productName = QiscusUI;
			productReference = 3DC4A0AD210DA626009B5A9E /* QiscusUI.framework */;
			productType = "com.apple.product-type.framework";
		};
		3DC4A0B5210DA626009B5A9E /* QiscusUITests */ = {
			isa = PBXNativeTarget;
			buildConfigurationList = 3DC4A0C4210DA626009B5A9E /* Build configuration list for PBXNativeTarget "QiscusUITests" */;
			buildPhases = (
				3DC4A0B2210DA626009B5A9E /* Sources */,
				3DC4A0B3210DA626009B5A9E /* Frameworks */,
				3DC4A0B4210DA626009B5A9E /* Resources */,
			);
			buildRules = (
			);
			dependencies = (
				3DC4A0B9210DA626009B5A9E /* PBXTargetDependency */,
			);
			name = QiscusUITests;
			productName = QiscusUITests;
			productReference = 3DC4A0B6210DA626009B5A9E /* QiscusUITests.xctest */;
			productType = "com.apple.product-type.bundle.unit-test";
		};
		3DC4A0CA210DA91A009B5A9E /* example */ = {
			isa = PBXNativeTarget;
			buildConfigurationList = 3DC4A0DA210DA920009B5A9E /* Build configuration list for PBXNativeTarget "example" */;
			buildPhases = (
				3DC4A0C7210DA91A009B5A9E /* Sources */,
				3DC4A0C8210DA91A009B5A9E /* Frameworks */,
				3DC4A0C9210DA91A009B5A9E /* Resources */,
			);
			buildRules = (
			);
			dependencies = (
			);
			name = example;
			productName = example;
			productReference = 3DC4A0CB210DA91A009B5A9E /* example.app */;
			productType = "com.apple.product-type.application";
		};
/* End PBXNativeTarget section */

/* Begin PBXProject section */
		3DC4A0A4210DA626009B5A9E /* Project object */ = {
			isa = PBXProject;
			attributes = {
				LastSwiftUpdateCheck = 0930;
				LastUpgradeCheck = 0930;
				ORGANIZATIONNAME = Qiscus;
				TargetAttributes = {
					3DC4A0AC210DA626009B5A9E = {
						CreatedOnToolsVersion = 9.3;
						LastSwiftMigration = 0930;
					};
					3DC4A0B5210DA626009B5A9E = {
						CreatedOnToolsVersion = 9.3;
					};
					3DC4A0CA210DA91A009B5A9E = {
						CreatedOnToolsVersion = 9.3;
					};
				};
			};
			buildConfigurationList = 3DC4A0A7210DA626009B5A9E /* Build configuration list for PBXProject "QiscusUI" */;
			compatibilityVersion = "Xcode 9.3";
			developmentRegion = en;
			hasScannedForEncodings = 0;
			knownRegions = (
				en,
				Base,
			);
			mainGroup = 3DC4A0A3210DA626009B5A9E;
			productRefGroup = 3DC4A0AE210DA626009B5A9E /* Products */;
			projectDirPath = "";
			projectRoot = "";
			targets = (
				3DC4A0AC210DA626009B5A9E /* QiscusUI */,
				3DC4A0B5210DA626009B5A9E /* QiscusUITests */,
				3DC4A0CA210DA91A009B5A9E /* example */,
			);
		};
/* End PBXProject section */

/* Begin PBXResourcesBuildPhase section */
		3DC4A0AB210DA626009B5A9E /* Resources */ = {
			isa = PBXResourcesBuildPhase;
			buildActionMask = 2147483647;
			files = (
				3DC4A123210DACF7009B5A9E /* QChatVC.xib in Resources */,
				3DC4A115210DACF6009B5A9E /* QReplyCell.xib in Resources */,
				3DC4A110210DACF6009B5A9E /* QSystemCell.xib in Resources */,
				3DC4A120210DACF6009B5A9E /* QLocationCell.xib in Resources */,
				3DC4A11A210DACF6009B5A9E /* QDocumentCell.xib in Resources */,
				3DC4A114210DACF6009B5A9E /* QContactCell.xib in Resources */,
				3DC4A117210DACF6009B5A9E /* QImageCell.xib in Resources */,
				3DC4A11C210DACF6009B5A9E /* RightTextCell.xib in Resources */,
				3DC4A118210DACF6009B5A9E /* QAudioCell.xib in Resources */,
				3DC4A104210DACF6009B5A9E /* Info.plist in Resources */,
				3DC4A125210DACF7009B5A9E /* Media.xcassets in Resources */,
				3DC4A116210DACF6009B5A9E /* LeftTextCell.xib in Resources */,
			);
			runOnlyForDeploymentPostprocessing = 0;
		};
		3DC4A0B4210DA626009B5A9E /* Resources */ = {
			isa = PBXResourcesBuildPhase;
			buildActionMask = 2147483647;
			files = (
			);
			runOnlyForDeploymentPostprocessing = 0;
		};
		3DC4A0C9210DA91A009B5A9E /* Resources */ = {
			isa = PBXResourcesBuildPhase;
			buildActionMask = 2147483647;
			files = (
				3DC4A0D8210DA920009B5A9E /* LaunchScreen.storyboard in Resources */,
				3DC4A0D5210DA920009B5A9E /* Assets.xcassets in Resources */,
				3DC4A0D3210DA91A009B5A9E /* Main.storyboard in Resources */,
			);
			runOnlyForDeploymentPostprocessing = 0;
		};
/* End PBXResourcesBuildPhase section */

/* Begin PBXSourcesBuildPhase section */
		3DC4A0A8210DA626009B5A9E /* Sources */ = {
			isa = PBXSourcesBuildPhase;
			buildActionMask = 2147483647;
			files = (
				3DC4A10A210DACF6009B5A9E /* ViewController.swift in Sources */,
				3DC4A10E210DACF6009B5A9E /* QiscusHelper.swift in Sources */,
				3DC4A109210DACF6009B5A9E /* UIView.swift in Sources */,
				3DC4A10F210DACF6009B5A9E /* LeftTextCell.swift in Sources */,
				3DC4A119210DACF6009B5A9E /* QSystemCell.swift in Sources */,
				3DC4A124210DACF7009B5A9E /* QiscusUI.swift in Sources */,
				3DC4A11E210DACF6009B5A9E /* QLocationCell.swift in Sources */,
				3DC4A11F210DACF6009B5A9E /* QDocumentCell.swift in Sources */,
				3DC4A10C210DACF6009B5A9E /* QiscusUIAsyncImage.swift in Sources */,
				3DC4A108210DACF6009B5A9E /* QCacheManager.swift in Sources */,
				3DC4A10B210DACF6009B5A9E /* UIImage.swift in Sources */,
				3DC4A122210DACF6009B5A9E /* QChatVC.swift in Sources */,
				3DC4A106210DACF6009B5A9E /* BaseChatCell.swift in Sources */,
				3DC4A105210DACF6009B5A9E /* CommentModel.swift in Sources */,
				3DC4A11D210DACF6009B5A9E /* QContactCell.swift in Sources */,
				3DC4A113210DACF6009B5A9E /* QReplyCell.swift in Sources */,
				3DC4A121210DACF6009B5A9E /* QChatPresenter.swift in Sources */,
				3DC4A111210DACF6009B5A9E /* QAudioCell.swift in Sources */,
				3DC4A10D210DACF6009B5A9E /* String+Localization.swift in Sources */,
				3DC4A112210DACF6009B5A9E /* QImageCell.swift in Sources */,
				3DC4A11B210DACF6009B5A9E /* RightTextCell.swift in Sources */,
			);
			runOnlyForDeploymentPostprocessing = 0;
		};
		3DC4A0B2210DA626009B5A9E /* Sources */ = {
			isa = PBXSourcesBuildPhase;
			buildActionMask = 2147483647;
			files = (
				3DC4A0BC210DA626009B5A9E /* QiscusUITests.swift in Sources */,
			);
			runOnlyForDeploymentPostprocessing = 0;
		};
		3DC4A0C7210DA91A009B5A9E /* Sources */ = {
			isa = PBXSourcesBuildPhase;
			buildActionMask = 2147483647;
			files = (
				3DC4A0D0210DA91A009B5A9E /* ViewController.swift in Sources */,
				3DC4A0CE210DA91A009B5A9E /* AppDelegate.swift in Sources */,
			);
			runOnlyForDeploymentPostprocessing = 0;
		};
/* End PBXSourcesBuildPhase section */

/* Begin PBXTargetDependency section */
		3DC4A0B9210DA626009B5A9E /* PBXTargetDependency */ = {
			isa = PBXTargetDependency;
			target = 3DC4A0AC210DA626009B5A9E /* QiscusUI */;
			targetProxy = 3DC4A0B8210DA626009B5A9E /* PBXContainerItemProxy */;
		};
/* End PBXTargetDependency section */

/* Begin PBXVariantGroup section */
		3DC4A0D1210DA91A009B5A9E /* Main.storyboard */ = {
			isa = PBXVariantGroup;
			children = (
				3DC4A0D2210DA91A009B5A9E /* Base */,
			);
			name = Main.storyboard;
			sourceTree = "<group>";
		};
		3DC4A0D6210DA920009B5A9E /* LaunchScreen.storyboard */ = {
			isa = PBXVariantGroup;
			children = (
				3DC4A0D7210DA920009B5A9E /* Base */,
			);
			name = LaunchScreen.storyboard;
			sourceTree = "<group>";
		};
/* End PBXVariantGroup section */

/* Begin XCBuildConfiguration section */
		3DC4A0BF210DA626009B5A9E /* Debug */ = {
			isa = XCBuildConfiguration;
			buildSettings = {
				ALWAYS_SEARCH_USER_PATHS = NO;
				CLANG_ANALYZER_NONNULL = YES;
				CLANG_ANALYZER_NUMBER_OBJECT_CONVERSION = YES_AGGRESSIVE;
				CLANG_CXX_LANGUAGE_STANDARD = "gnu++14";
				CLANG_CXX_LIBRARY = "libc++";
				CLANG_ENABLE_MODULES = YES;
				CLANG_ENABLE_OBJC_ARC = YES;
				CLANG_ENABLE_OBJC_WEAK = YES;
				CLANG_WARN_BLOCK_CAPTURE_AUTORELEASING = YES;
				CLANG_WARN_BOOL_CONVERSION = YES;
				CLANG_WARN_COMMA = YES;
				CLANG_WARN_CONSTANT_CONVERSION = YES;
				CLANG_WARN_DEPRECATED_OBJC_IMPLEMENTATIONS = YES;
				CLANG_WARN_DIRECT_OBJC_ISA_USAGE = YES_ERROR;
				CLANG_WARN_DOCUMENTATION_COMMENTS = YES;
				CLANG_WARN_EMPTY_BODY = YES;
				CLANG_WARN_ENUM_CONVERSION = YES;
				CLANG_WARN_INFINITE_RECURSION = YES;
				CLANG_WARN_INT_CONVERSION = YES;
				CLANG_WARN_NON_LITERAL_NULL_CONVERSION = YES;
				CLANG_WARN_OBJC_IMPLICIT_RETAIN_SELF = YES;
				CLANG_WARN_OBJC_LITERAL_CONVERSION = YES;
				CLANG_WARN_OBJC_ROOT_CLASS = YES_ERROR;
				CLANG_WARN_RANGE_LOOP_ANALYSIS = YES;
				CLANG_WARN_STRICT_PROTOTYPES = YES;
				CLANG_WARN_SUSPICIOUS_MOVE = YES;
				CLANG_WARN_UNGUARDED_AVAILABILITY = YES_AGGRESSIVE;
				CLANG_WARN_UNREACHABLE_CODE = YES;
				CLANG_WARN__DUPLICATE_METHOD_MATCH = YES;
				CODE_SIGN_IDENTITY = "iPhone Developer";
				COPY_PHASE_STRIP = NO;
				CURRENT_PROJECT_VERSION = 1;
				DEBUG_INFORMATION_FORMAT = dwarf;
				ENABLE_STRICT_OBJC_MSGSEND = YES;
				ENABLE_TESTABILITY = YES;
				GCC_C_LANGUAGE_STANDARD = gnu11;
				GCC_DYNAMIC_NO_PIC = NO;
				GCC_NO_COMMON_BLOCKS = YES;
				GCC_OPTIMIZATION_LEVEL = 0;
				GCC_PREPROCESSOR_DEFINITIONS = (
					"DEBUG=1",
					"$(inherited)",
				);
				GCC_WARN_64_TO_32_BIT_CONVERSION = YES;
				GCC_WARN_ABOUT_RETURN_TYPE = YES_ERROR;
				GCC_WARN_UNDECLARED_SELECTOR = YES;
				GCC_WARN_UNINITIALIZED_AUTOS = YES_AGGRESSIVE;
				GCC_WARN_UNUSED_FUNCTION = YES;
				GCC_WARN_UNUSED_VARIABLE = YES;
				IPHONEOS_DEPLOYMENT_TARGET = 11.3;
				MTL_ENABLE_DEBUG_INFO = YES;
				ONLY_ACTIVE_ARCH = YES;
				SDKROOT = iphoneos;
				SWIFT_ACTIVE_COMPILATION_CONDITIONS = DEBUG;
				SWIFT_OPTIMIZATION_LEVEL = "-Onone";
				VERSIONING_SYSTEM = "apple-generic";
				VERSION_INFO_PREFIX = "";
			};
			name = Debug;
		};
		3DC4A0C0210DA626009B5A9E /* Release */ = {
			isa = XCBuildConfiguration;
			buildSettings = {
				ALWAYS_SEARCH_USER_PATHS = NO;
				CLANG_ANALYZER_NONNULL = YES;
				CLANG_ANALYZER_NUMBER_OBJECT_CONVERSION = YES_AGGRESSIVE;
				CLANG_CXX_LANGUAGE_STANDARD = "gnu++14";
				CLANG_CXX_LIBRARY = "libc++";
				CLANG_ENABLE_MODULES = YES;
				CLANG_ENABLE_OBJC_ARC = YES;
				CLANG_ENABLE_OBJC_WEAK = YES;
				CLANG_WARN_BLOCK_CAPTURE_AUTORELEASING = YES;
				CLANG_WARN_BOOL_CONVERSION = YES;
				CLANG_WARN_COMMA = YES;
				CLANG_WARN_CONSTANT_CONVERSION = YES;
				CLANG_WARN_DEPRECATED_OBJC_IMPLEMENTATIONS = YES;
				CLANG_WARN_DIRECT_OBJC_ISA_USAGE = YES_ERROR;
				CLANG_WARN_DOCUMENTATION_COMMENTS = YES;
				CLANG_WARN_EMPTY_BODY = YES;
				CLANG_WARN_ENUM_CONVERSION = YES;
				CLANG_WARN_INFINITE_RECURSION = YES;
				CLANG_WARN_INT_CONVERSION = YES;
				CLANG_WARN_NON_LITERAL_NULL_CONVERSION = YES;
				CLANG_WARN_OBJC_IMPLICIT_RETAIN_SELF = YES;
				CLANG_WARN_OBJC_LITERAL_CONVERSION = YES;
				CLANG_WARN_OBJC_ROOT_CLASS = YES_ERROR;
				CLANG_WARN_RANGE_LOOP_ANALYSIS = YES;
				CLANG_WARN_STRICT_PROTOTYPES = YES;
				CLANG_WARN_SUSPICIOUS_MOVE = YES;
				CLANG_WARN_UNGUARDED_AVAILABILITY = YES_AGGRESSIVE;
				CLANG_WARN_UNREACHABLE_CODE = YES;
				CLANG_WARN__DUPLICATE_METHOD_MATCH = YES;
				CODE_SIGN_IDENTITY = "iPhone Developer";
				COPY_PHASE_STRIP = NO;
				CURRENT_PROJECT_VERSION = 1;
				DEBUG_INFORMATION_FORMAT = "dwarf-with-dsym";
				ENABLE_NS_ASSERTIONS = NO;
				ENABLE_STRICT_OBJC_MSGSEND = YES;
				GCC_C_LANGUAGE_STANDARD = gnu11;
				GCC_NO_COMMON_BLOCKS = YES;
				GCC_WARN_64_TO_32_BIT_CONVERSION = YES;
				GCC_WARN_ABOUT_RETURN_TYPE = YES_ERROR;
				GCC_WARN_UNDECLARED_SELECTOR = YES;
				GCC_WARN_UNINITIALIZED_AUTOS = YES_AGGRESSIVE;
				GCC_WARN_UNUSED_FUNCTION = YES;
				GCC_WARN_UNUSED_VARIABLE = YES;
				IPHONEOS_DEPLOYMENT_TARGET = 11.3;
				MTL_ENABLE_DEBUG_INFO = NO;
				SDKROOT = iphoneos;
				SWIFT_COMPILATION_MODE = wholemodule;
				SWIFT_OPTIMIZATION_LEVEL = "-O";
				VALIDATE_PRODUCT = YES;
				VERSIONING_SYSTEM = "apple-generic";
				VERSION_INFO_PREFIX = "";
			};
			name = Release;
		};
		3DC4A0C2210DA626009B5A9E /* Debug */ = {
			isa = XCBuildConfiguration;
			buildSettings = {
				CLANG_ENABLE_MODULES = YES;
				CODE_SIGN_IDENTITY = "";
				CODE_SIGN_STYLE = Automatic;
				DEFINES_MODULE = YES;
				DEVELOPMENT_TEAM = QG8KA4P8TE;
				DYLIB_COMPATIBILITY_VERSION = 1;
				DYLIB_CURRENT_VERSION = 1;
				DYLIB_INSTALL_NAME_BASE = "@rpath";
				INFOPLIST_FILE = QiscusUI/Info.plist;
				INSTALL_PATH = "$(LOCAL_LIBRARY_DIR)/Frameworks";
				LD_RUNPATH_SEARCH_PATHS = (
					"$(inherited)",
					"@executable_path/Frameworks",
					"@loader_path/Frameworks",
				);
				PRODUCT_BUNDLE_IDENTIFIER = com.qiscusdev.QiscusUI;
				PRODUCT_NAME = "$(TARGET_NAME:c99extidentifier)";
				SKIP_INSTALL = YES;
				SWIFT_OPTIMIZATION_LEVEL = "-Onone";
				SWIFT_VERSION = 4.0;
				TARGETED_DEVICE_FAMILY = "1,2";
			};
			name = Debug;
		};
		3DC4A0C3210DA626009B5A9E /* Release */ = {
			isa = XCBuildConfiguration;
			buildSettings = {
				CLANG_ENABLE_MODULES = YES;
				CODE_SIGN_IDENTITY = "";
				CODE_SIGN_STYLE = Automatic;
				DEFINES_MODULE = YES;
				DEVELOPMENT_TEAM = QG8KA4P8TE;
				DYLIB_COMPATIBILITY_VERSION = 1;
				DYLIB_CURRENT_VERSION = 1;
				DYLIB_INSTALL_NAME_BASE = "@rpath";
				INFOPLIST_FILE = QiscusUI/Info.plist;
				INSTALL_PATH = "$(LOCAL_LIBRARY_DIR)/Frameworks";
				LD_RUNPATH_SEARCH_PATHS = (
					"$(inherited)",
					"@executable_path/Frameworks",
					"@loader_path/Frameworks",
				);
				PRODUCT_BUNDLE_IDENTIFIER = com.qiscusdev.QiscusUI;
				PRODUCT_NAME = "$(TARGET_NAME:c99extidentifier)";
				SKIP_INSTALL = YES;
				SWIFT_VERSION = 4.0;
				TARGETED_DEVICE_FAMILY = "1,2";
			};
			name = Release;
		};
		3DC4A0C5210DA626009B5A9E /* Debug */ = {
			isa = XCBuildConfiguration;
			buildSettings = {
				ALWAYS_EMBED_SWIFT_STANDARD_LIBRARIES = YES;
				CODE_SIGN_STYLE = Automatic;
				DEVELOPMENT_TEAM = QG8KA4P8TE;
				INFOPLIST_FILE = QiscusUITests/Info.plist;
				LD_RUNPATH_SEARCH_PATHS = (
					"$(inherited)",
					"@executable_path/Frameworks",
					"@loader_path/Frameworks",
				);
				PRODUCT_BUNDLE_IDENTIFIER = com.qiscusdev.QiscusUITests;
				PRODUCT_NAME = "$(TARGET_NAME)";
				SWIFT_VERSION = 4.0;
				TARGETED_DEVICE_FAMILY = "1,2";
			};
			name = Debug;
		};
		3DC4A0C6210DA626009B5A9E /* Release */ = {
			isa = XCBuildConfiguration;
			buildSettings = {
				ALWAYS_EMBED_SWIFT_STANDARD_LIBRARIES = YES;
				CODE_SIGN_STYLE = Automatic;
				DEVELOPMENT_TEAM = QG8KA4P8TE;
				INFOPLIST_FILE = QiscusUITests/Info.plist;
				LD_RUNPATH_SEARCH_PATHS = (
					"$(inherited)",
					"@executable_path/Frameworks",
					"@loader_path/Frameworks",
				);
				PRODUCT_BUNDLE_IDENTIFIER = com.qiscusdev.QiscusUITests;
				PRODUCT_NAME = "$(TARGET_NAME)";
				SWIFT_VERSION = 4.0;
				TARGETED_DEVICE_FAMILY = "1,2";
			};
			name = Release;
		};
		3DC4A0DB210DA920009B5A9E /* Debug */ = {
			isa = XCBuildConfiguration;
			buildSettings = {
				ASSETCATALOG_COMPILER_APPICON_NAME = AppIcon;
				CODE_SIGN_STYLE = Manual;
				DEVELOPMENT_TEAM = QG8KA4P8TE;
				INFOPLIST_FILE = example/Info.plist;
				LD_RUNPATH_SEARCH_PATHS = (
					"$(inherited)",
					"@executable_path/Frameworks",
				);
				PRODUCT_BUNDLE_IDENTIFIER = com.qiscusdev.example;
				PRODUCT_NAME = "$(TARGET_NAME)";
				PROVISIONING_PROFILE = "c4e66a74-b52f-4300-ab2e-f2dd1359bc35";
				PROVISIONING_PROFILE_SPECIFIER = QiscusDev;
				SWIFT_VERSION = 4.0;
				TARGETED_DEVICE_FAMILY = "1,2";
			};
			name = Debug;
		};
		3DC4A0DC210DA920009B5A9E /* Release */ = {
			isa = XCBuildConfiguration;
			buildSettings = {
				ASSETCATALOG_COMPILER_APPICON_NAME = AppIcon;
				CODE_SIGN_STYLE = Manual;
				DEVELOPMENT_TEAM = QG8KA4P8TE;
				INFOPLIST_FILE = example/Info.plist;
				LD_RUNPATH_SEARCH_PATHS = (
					"$(inherited)",
					"@executable_path/Frameworks",
				);
				PRODUCT_BUNDLE_IDENTIFIER = com.qiscusdev.example;
				PRODUCT_NAME = "$(TARGET_NAME)";
				PROVISIONING_PROFILE = "c4e66a74-b52f-4300-ab2e-f2dd1359bc35";
				PROVISIONING_PROFILE_SPECIFIER = QiscusDev;
				SWIFT_VERSION = 4.0;
				TARGETED_DEVICE_FAMILY = "1,2";
			};
			name = Release;
		};
/* End XCBuildConfiguration section */

/* Begin XCConfigurationList section */
		3DC4A0A7210DA626009B5A9E /* Build configuration list for PBXProject "QiscusUI" */ = {
			isa = XCConfigurationList;
			buildConfigurations = (
				3DC4A0BF210DA626009B5A9E /* Debug */,
				3DC4A0C0210DA626009B5A9E /* Release */,
			);
			defaultConfigurationIsVisible = 0;
			defaultConfigurationName = Release;
		};
		3DC4A0C1210DA626009B5A9E /* Build configuration list for PBXNativeTarget "QiscusUI" */ = {
			isa = XCConfigurationList;
			buildConfigurations = (
				3DC4A0C2210DA626009B5A9E /* Debug */,
				3DC4A0C3210DA626009B5A9E /* Release */,
			);
			defaultConfigurationIsVisible = 0;
			defaultConfigurationName = Release;
		};
		3DC4A0C4210DA626009B5A9E /* Build configuration list for PBXNativeTarget "QiscusUITests" */ = {
			isa = XCConfigurationList;
			buildConfigurations = (
				3DC4A0C5210DA626009B5A9E /* Debug */,
				3DC4A0C6210DA626009B5A9E /* Release */,
			);
			defaultConfigurationIsVisible = 0;
			defaultConfigurationName = Release;
		};
		3DC4A0DA210DA920009B5A9E /* Build configuration list for PBXNativeTarget "example" */ = {
			isa = XCConfigurationList;
			buildConfigurations = (
				3DC4A0DB210DA920009B5A9E /* Debug */,
				3DC4A0DC210DA920009B5A9E /* Release */,
			);
			defaultConfigurationIsVisible = 0;
			defaultConfigurationName = Release;
		};
/* End XCConfigurationList section */
	};
	rootObject = 3DC4A0A4210DA626009B5A9E /* Project object */;
}
